<?xml version="1.0" encoding="UTF-8" standalone="yes" ?>
<CodeBlocks_project_file>
	<FileVersion major="1" minor="6" />
	<Project>
		<Option title="HDL-Batch-installer" />
		<Option pch_mode="2" />
		<Option compiler="gcc" />
		<Option show_notes="0">
			<notes>
				<![CDATA[Terminar buscador de HASH
implementar switch para buscar HASH en tabla interna o redirigir a redump.org

]]>
			</notes>
		</Option>
		<Build>
			<Target title="64-bits">
				<Option platforms="Windows;" />
				<Option output="_bin/playground/HDL-Batch-installer" prefix_auto="1" extension_auto="1" />
				<Option working_dir="_bin/playground/" />
				<Option object_output="_obj/Debug/" />
				<Option type="1" />
				<Option compiler="gcc" />
				<Option use_console_runner="0" />
				<Option parameters="--force-max-debug --stay-on-top --skip-update" />
				<Option projectLinkerOptionsRelation="2" />
				<Compiler>
					<Add option="-Wunreachable-code" />
					<Add option="-m64" />
					<Add option="-pipe" />
					<Add option="-mthreads" />
					<Add option="-D__GNUWIN32__" />
					<Add option="-D__WXMSW__" />
					<Add option="-DwxUSE_UNICODE" />
					<Add option="-DBITS=64" />
					<Add option="-DHAVE_W32API_H" />
					<Add option="-DWXUSINGDLL" />
					<Add directory="$(#wxdll64)/lib/gcc_dll/mswu" />
					<Add directory="$(#wxdll64)/include" />
					<Add directory="include" />
					<Add directory="HDL-Batch-installer-SRC/include" />
					<Add directory="${#wx}/art" />
				</Compiler>
				<ResourceCompiler>
					<Add directory="$(#wxdll64)/lib/gcc_dll/mswu" />
					<Add directory="$(#wxdll64)/include" />
				</ResourceCompiler>
				<Linker>
					<Add option="-O2" />
					<Add option="-s" />
					<Add option="-static-libstdc++" />
					<Add option="-static-libgcc" />
					<Add option="-static" />
					<Add option="-m64" />
					<Add option="-mthreads" />
					<Add option="-lwininet" />
					<Add option="-lrpcrt4" />
					<Add option="-lwinmm" />
					<Add library="libwxbase32u.a" />
					<Add library="libwxmsw32u_core.a" />
					<Add library="libwxpng.a" />
					<Add library="libwxjpeg.a" />
					<Add library="libwxtiff.a" />
					<Add library="libwxzlib.a" />
					<Add library="libkernel32.a" />
					<Add library="libuser32.a" />
					<Add library="libgdi32.a" />
					<Add library="libwinspool.a" />
					<Add library="libcomdlg32.a" />
					<Add library="libadvapi32.a" />
					<Add library="libshell32.a" />
					<Add library="libole32.a" />
					<Add library="liboleaut32.a" />
					<Add library="libuuid.a" />
					<Add library="libcomctl32.a" />
					<Add library="libwsock32.a" />
					<Add library="libodbc32.a" />
					<Add library="external/libps2hdd.a" />
					<Add directory="$(#wxdll64)/lib/gcc_dll" />
				</Linker>
			</Target>
			<Target title="DEBUG">
				<Option platforms="Windows;Unix;" />
				<Option output="_bin/DEBUG_/HDL-Batch-installer" prefix_auto="1" extension_auto="1" />
				<Option working_dir="_bin/playground/" />
				<Option object_output="_obj/DEBUG_/" />
				<Option type="1" />
				<Option compiler="gcc" />
				<Option use_console_runner="0" />
				<Option parameters="--force-max-debug --stay-on-top --skip-update" />
				<Option projectLinkerOptionsRelation="2" />
				<Compiler>
					<Add option="-m64" />
					<Add option="-g" />
					<Add option="-pipe" />
					<Add option="-mthreads" />
					<Add option="-D__GNUWIN32__" />
					<Add option="-D__WXMSW__" />
					<Add option="-DwxUSE_UNICODE" />
					<Add option="-DBITS=64" />
					<Add directory="D:/wxWidgets-3.0.5-static/lib/gcc_lib/mswu" />
					<Add directory="wxwidgets/lib/gcc_lib/mswu" />
					<Add directory="D:/wxWidgets-3.0.5-static/include" />
					<Add directory="include" />
					<Add directory="HDL-Batch-installer-SRC/include" />
				</Compiler>
				<ResourceCompiler>
					<Add directory="D:/wxWidgets-3.0.5-static/lib/gcc_lib/mswu" />
					<Add directory="wxwidgets/lib/gcc_lib/mswu" />
					<Add directory="D:/wxWidgets-3.0.5-static/include" />
				</ResourceCompiler>
				<Linker>
					<Add option="-static-libstdc++" />
					<Add option="-static-libgcc" />
					<Add option="-static" />
					<Add option="-m64" />
					<Add option="-mthreads" />
					<Add library="libwxbase32u.a" />
					<Add library="libwxmsw32u_core.a" />
					<Add library="libwxpng.a" />
					<Add library="libwxjpeg.a" />
					<Add library="libwxtiff.a" />
					<Add library="libwxzlib.a" />
					<Add library="libkernel32.a" />
					<Add library="libuser32.a" />
					<Add library="libgdi32.a" />
					<Add library="libwinspool.a" />
					<Add library="libcomdlg32.a" />
					<Add library="libadvapi32.a" />
					<Add library="libshell32.a" />
					<Add library="libole32.a" />
					<Add library="liboleaut32.a" />
					<Add library="libuuid.a" />
					<Add library="libcomctl32.a" />
					<Add library="libwsock32.a" />
					<Add library="libodbc32.a" />
					<Add directory="D:/wxWidgets-3.0.5-static/lib/gcc_lib" />
					<Add directory="wxwidgets/lib/gcc_lib" />
				</Linker>
			</Target>
			<Target title="32-bits">
				<Option platforms="Windows;" />
				<Option output="_bin/playground/HDL-Batch-installer-x86" prefix_auto="1" extension_auto="1" />
				<Option working_dir="_bin/playground/" />
				<Option object_output="_obj/32-bits/" />
				<Option type="1" />
				<Option compiler="gnu_gcc_compiler_tdm-32bits" />
				<Option parameters="--force-max-debug --stay-on-top --skip-update" />
				<Option projectCompilerOptionsRelation="1" />
				<Option projectLinkerOptionsRelation="1" />
				<Option projectResourceIncludeDirsRelation="1" />
				<Option projectLibDirsRelation="1" />
				<Compiler>
					<Add option="-Wunreachable-code" />
					<Add option="-Wall" />
					<Add option="-m32" />
					<Add option="-pipe" />
					<Add option="-mthreads" />
					<Add option="-D__GNUWIN32__" />
					<Add option="-D__WXMSW__" />
					<Add option="-DwxUSE_UNICODE" />
					<Add option="-DBITS=32" />
					<Add option="-DWXUSINGDLL" />
					<Add directory="$(#wxdll)/include" />
					<Add directory="$(#wxdll)/lib/gcc_dll/mswu" />
					<Add directory="include" />
					<Add directory="HDL-Batch-installer-SRC/include" />
					<Add directory="${#wxdll}/art" />
				</Compiler>
				<ResourceCompiler>
					<Add directory="$(#wxdll)/include" />
					<Add directory="$(#wxdll)/lib/gcc_dll/mswu" />
				</ResourceCompiler>
				<Linker>
					<Add option="-s" />
					<Add option="-static-libstdc++" />
					<Add option="-static-libgcc" />
					<Add option="-static" />
					<Add option="-m32" />
					<Add option="-mthreads" />
					<Add library="libwxbase32u.a" />
					<Add library="libwxmsw32u_core.a" />
					<Add library="libwxpng.a" />
					<Add library="libwxjpeg.a" />
					<Add library="libwxtiff.a" />
					<Add library="libwxzlib.a" />
					<Add library="libkernel32.a" />
					<Add library="libuser32.a" />
					<Add library="libgdi32.a" />
					<Add library="libwinspool.a" />
					<Add library="libcomdlg32.a" />
					<Add library="libadvapi32.a" />
					<Add library="libshell32.a" />
					<Add library="libole32.a" />
					<Add library="liboleaut32.a" />
					<Add library="libuuid.a" />
					<Add library="libcomctl32.a" />
					<Add library="libwsock32.a" />
					<Add library="libodbc32.a" />
					<Add library="libwxregexu.a" />
					<Add library="external/libps2hdd-x86.a" />
					<Add directory="$(#wxdll)/lib/gcc_dll" />
				</Linker>
			</Target>
			<Target title="32-bits-wx3.1.5">
				<Option platforms="Windows;Unix;" />
				<Option output="_bin/32-bits/HDL-Batch-installer" prefix_auto="1" extension_auto="1" />
				<Option working_dir="_bin/playground/" />
				<Option object_output="_obj/32-bits/" />
				<Option type="1" />
				<Option compiler="gnu_gcc_compiler_tdm-32bits" />
				<Option use_console_runner="0" />
				<Option projectCompilerOptionsRelation="1" />
				<Option projectLinkerOptionsRelation="1" />
				<Option projectIncludeDirsRelation="1" />
				<Option projectResourceIncludeDirsRelation="1" />
				<Option projectLibDirsRelation="1" />
				<Compiler>
					<Add option="-O" />
					<Add option="-Wall" />
					<Add option="-m32" />
					<Add option="-pipe" />
					<Add option="-mthreads" />
					<Add option="-D__GNUWIN32__" />
					<Add option="-D__WXMSW__" />
					<Add option="-DwxUSE_UNICODE" />
					<Add option="-DBITS=32" />
					<Add directory="$(#wx32)/include" />
					<Add directory="$(#wx32)/lib/gcc_lib/mswu" />
					<Add directory="include" />
					<Add directory="HDL-Batch-installer-SRC/include" />
				</Compiler>
				<ResourceCompiler>
					<Add directory="$(#wx32)/include" />
					<Add directory="$(#wx32)/lib/gcc_lib/mswu" />
				</ResourceCompiler>
				<Linker>
					<Add option="-s" />
					<Add option="-static-libstdc++" />
					<Add option="-static-libgcc" />
					<Add option="-static" />
					<Add option="-m32" />
					<Add option="-mthreads" />
					<Add library="libwxmsw30u.a" />
					<Add library="libwxpng.a" />
					<Add library="libwxjpeg.a" />
					<Add library="libwxtiff.a" />
					<Add library="libwxzlib.a" />
					<Add library="libkernel32.a" />
					<Add library="libuser32.a" />
					<Add library="libgdi32.a" />
					<Add library="libwinspool.a" />
					<Add library="libcomdlg32.a" />
					<Add library="libadvapi32.a" />
					<Add library="libshell32.a" />
					<Add library="libole32.a" />
					<Add library="liboleaut32.a" />
					<Add library="libuuid.a" />
					<Add library="libcomctl32.a" />
					<Add library="libwsock32.a" />
					<Add library="libodbc32.a" />
					<Add directory="$(#wx32)/lib/gcc_lib" />
				</Linker>
			</Target>
		</Build>
		<VirtualTargets>
			<Add alias="Releasers" targets="64-bits;32-bits;" />
		</VirtualTargets>
		<Compiler>
			<Add option="-Wall" />
			<Add option="-Wl,--subsystem,windows" />
			<Add option="-DWXUSINGDLL" />
			<Add directory="../include" />
			<Add directory="xpm" />
		</Compiler>
		<Linker>
			<Add option="-static-libstdc++" />
			<Add option="-static-libgcc" />
			<Add option="-static" />
			<Add option="-mthreads" />
			<Add library="libwxregexu.a" />
		</Linker>
		<Unit filename="../.gitattributes" />
		<Unit filename="../.github/workflows/Repack-and-release.yml" />
		<Unit filename="../.gitignore" />
		<Unit filename="../README.md" />
		<Unit filename="../include/DnDFile.h">
			<Option target="&lt;{~None~}&gt;" />
		</Unit>
		<Unit filename="../include/file_t.h" />
		<Unit filename="../include/wxMD5" />
		<Unit filename="../src/DnDFile.cpp">
			<Option target="&lt;{~None~}&gt;" />
		</Unit>
		<Unit filename="About.cpp" />
		<Unit filename="About.h" />
		<Unit filename="ArtMan.cpp" />
		<Unit filename="ArtMan.h" />
		<Unit filename="Component_error.cpp" />
		<Unit filename="Component_error.h" />
		<Unit filename="Config.cpp" />
		<Unit filename="Config.h" />
		<Unit filename="CopyHDD.cpp" />
		<Unit filename="CopyHDD.h" />
		<Unit filename="DokanMan.cpp" />
		<Unit filename="DokanMan.h" />
		<Unit filename="HDDFomatMan.cpp" />
		<Unit filename="HDDFomatMan.h" />
		<Unit filename="HDDManager.cpp" />
		<Unit filename="HDDManager.h" />
		<Unit filename="HDL_Batch_installerApp.cpp" />
		<Unit filename="HDL_Batch_installerApp.h" />
		<Unit filename="HDL_Batch_installerMain.cpp" />
		<Unit filename="HDL_Batch_installerMain.h" />
		<Unit filename="MD5Man.cpp" />
		<Unit filename="MD5Report.cpp" />
		<Unit filename="MD5Report.h" />
		<Unit filename="NDBMan.cpp" />
		<Unit filename="NDBMan.h" />
		<Unit filename="PFSShell.cpp" />
		<Unit filename="PFSShellBrowser.cpp" />
		<Unit filename="PFSShellBrowser.h" />
		<Unit filename="Post_Install_Report.cpp" />
		<Unit filename="Post_Install_Report.h" />
		<Unit filename="UpdateMan.cpp" />
		<Unit filename="UpdateMan.h" />
		<Unit filename="_bin/Debug/Common/commit.sys" />
		<Unit filename="_bin/Debug/Common/config.INI" />
		<Unit filename="_bin/Debug/README.TXT" />
		<Unit filename="_bin/Debug/changes.log" />
		<Unit filename="_bin/playground/changes.log" />
		<Unit filename="common.cpp" />
		<Unit filename="crude_call.h" />
		<Unit filename="flags.h" />
		<Unit filename="gamename/database.cpp" />
		<Unit filename="gamename/database.h" />
		<Unit filename="gamename/parser.cpp" />
		<Unit filename="gamename/parser.h" />
		<Unit filename="hdl-dump-recodes.cpp" />
		<Unit filename="hdl-dump-recodes.h" />
		<Unit filename="hdlfs.h" />
		<Unit filename="include/MD5Man.h" />
		<Unit filename="include/PFSShell.h" />
		<Unit filename="include/iomanX_port.h" />
		<Unit filename="include/locale_table.h" />
		<Unit filename="include/macro-vault.h" />
		<Unit filename="manifest.bin" />
		<Unit filename="manifest.rc">
			<Option compilerVar="WINDRES" />
			<Option compile="0" />
			<Option link="0" />
		</Unit>
		<Unit filename="manifest/amd64.bin" />
		<Unit filename="manifest/ia64.bin" />
		<Unit filename="manifest/wx.bin" />
		<Unit filename="mkpartdlg.cpp" />
		<Unit filename="mkpartdlg.h" />
		<Unit filename="resource.rc">
			<Option compilerVar="WINDRES" />
			<Option compiler="gcc" use="0" buildCommand="C:\compilers\TDM-GCC-32\bin\windres $res_includes $res_options -J rc -O coff -i $file -o $resource_output" />
		</Unit>
		<Unit filename="version.h" />
		<Unit filename="wxsmith/About.wxs" />
		<Unit filename="wxsmith/ArtMan.wxs" />
		<Unit filename="wxsmith/Component_error.wxs" />
		<Unit filename="wxsmith/Config.wxs" />
		<Unit filename="wxsmith/CopyHDD.wxs" />
		<Unit filename="wxsmith/DokanMan.wxs" />
		<Unit filename="wxsmith/HDDFomatMan.wxs" />
		<Unit filename="wxsmith/HDDManager.wxs" />
		<Unit filename="wxsmith/HDL_Batch_installerframe.wxs" />
		<Unit filename="wxsmith/MD5Report.wxs" />
		<Unit filename="wxsmith/NDBMan.wxs" />
		<Unit filename="wxsmith/PFSShellBrowser.wxs" />
		<Unit filename="wxsmith/Post_Install_Report.wxs" />
		<Unit filename="wxsmith/UpdateMan.wxs" />
		<Unit filename="wxsmith/mkpartdlg.wxs" />
		<Unit filename="wxsmith/pfsshell_wizard.wxs" />
		<Unit filename="xpm/cd.xpm" />
		<Unit filename="xpm/dvdd.xpm" />
		<Unit filename="xpm/dvddl.xpm" />
		<Extensions>
			<AutoVersioning>
				<Scheme minor_max="90" build_max="0" rev_max="0" rev_rand_max="10" build_times_to_increment_minor="400" />
				<Settings autoincrement="0" date_declarations="1" use_define="0" update_manifest="0" do_auto_increment="0" ask_to_increment="0" language="C++" svn="0" svn_directory="" header_path="version.h" />
				<Changes_Log show_changes_editor="0" app_title="[v%M.%m.%b - Revision %r]" changeslog_path="_bin\playground\changes.log" />
				<Code header_guard="VERSION_H" namespace="AutoVersion" prefix="" />
			</AutoVersioning>
			<lib_finder disable_auto="1" />
			<wxsmith version="1">
				<gui name="wxWidgets" src="HDL_Batch_installerApp.cpp" main="HDL_Batch_installerFrame" init_handlers="necessary" language="CPP" />
				<resources>
					<wxFrame wxs="wxsmith/HDL_Batch_installerframe.wxs" src="HDL_Batch_installerMain.cpp" hdr="HDL_Batch_installerMain.h" fwddecl="0" i18n="1" name="HDL_Batch_installerFrame" language="CPP" />
					<wxDialog wxs="wxsmith/About.wxs" src="About.cpp" hdr="About.h" fwddecl="0" i18n="1" name="About" language="CPP" />
					<wxDialog wxs="wxsmith/Config.wxs" src="Config.cpp" hdr="Config.h" fwddecl="0" i18n="1" name="Config" language="CPP" />
					<wxDialog wxs="wxsmith/Component_error.wxs" src="Component_error.cpp" hdr="Component_error.h" fwddecl="0" i18n="1" name="Component_error" language="CPP" />
					<wxDialog wxs="wxsmith/modify_header.wxs" src="modify_header.cpp" hdr="modify_header.h" fwddecl="0" i18n="1" name="modify_header" language="CPP" />
					<wxDialog wxs="wxsmith/pfsshell_wizard.wxs" src="pfsshell_wizard.cpp" hdr="pfsshell_wizard.h" fwddecl="0" i18n="1" name="pfsshell_wizard" language="CPP" />
					<wxDialog wxs="wxsmith/ArtMan.wxs" src="ArtMan.cpp" hdr="ArtMan.h" fwddecl="0" i18n="1" name="ArtMan" language="CPP" />
					<wxDialog wxs="wxsmith/GameMan.wxs" src="GameMan.cpp" hdr="GameMan.h" fwddecl="0" i18n="1" name="GameMan" language="CPP" />
					<wxDialog wxs="wxsmith/DokanMan.wxs" src="DokanMan.cpp" hdr="DokanMan.h" fwddecl="0" i18n="1" name="DokanMan" language="CPP" />
					<wxDialog wxs="wxsmith/Post_Install_Report.wxs" src="Post_Install_Report.cpp" hdr="Post_Install_Report.h" fwddecl="0" i18n="1" name="Post_Install_Report" language="CPP" />
					<wxDialog wxs="wxsmith/NDBMan.wxs" src="NDBMan.cpp" hdr="NDBMan.h" fwddecl="0" i18n="1" name="NDBMan" language="CPP" />
					<wxDialog wxs="wxsmith/Partitions_displayer.wxs" src="Partitions_displayer.cpp" hdr="Partitions_displayer.h" fwddecl="0" i18n="1" name="Partitions_displayer" language="CPP" />
					<wxDialog wxs="wxsmith/CopyHDD.wxs" src="CopyHDD.cpp" hdr="CopyHDD.h" fwddecl="0" i18n="1" name="CopyHDD" language="CPP" />
					<wxDialog wxs="wxsmith/HDDManager.wxs" src="HDDManager.cpp" hdr="HDDManager.h" fwddecl="0" i18n="1" name="HDDManager" language="CPP" />
					<wxDialog wxs="wxsmith/HDDFomatMan.wxs" src="HDDFomatMan.cpp" hdr="HDDFomatMan.h" fwddecl="0" i18n="1" name="HDDFomatMan" language="CPP" />
					<wxDialog wxs="wxsmith/mkpartdlg.wxs" src="mkpartdlg.cpp" hdr="mkpartdlg.h" fwddecl="0" i18n="1" name="mkpartdlg" language="CPP" />
					<wxDialog wxs="wxsmith/MD5Report.wxs" src="MD5Report.cpp" hdr="MD5Report.h" fwddecl="0" i18n="1" name="MD5Report" language="CPP" />
					<wxDialog wxs="wxsmith/PFSShellBrowser.wxs" src="PFSShellBrowser.cpp" hdr="PFSShellBrowser.h" fwddecl="0" i18n="1" name="PFSShellBrowser" language="CPP" />
					<wxDialog wxs="wxsmith/UpdateMan.wxs" src="UpdateMan.cpp" hdr="UpdateMan.h" fwddecl="0" i18n="1" name="UpdateMan" language="CPP" />
				</resources>
			</wxsmith>
		</Extensions>
	</Project>
</CodeBlocks_project_file>
